
Microsoft Visual Studio Solution File, Format Version 12.00
# Visual Studio Version 17
VisualStudioVersion = 17.14.36518.9 d17.14
MinimumVisualStudioVersion = 10.0.40219.1
Project("{FAE04EC0-301F-11D3-BF4B-00C04F79EFBC}") = "ProjectBrightBuy", "ProjectBrightBuy\ProjectBrightBuy.csproj", "{F95852AA-6E06-401B-BA10-D6D5B615864D}"
EndProject
Global
	GlobalSection(SolutionConfigurationPlatforms) = preSolution
		Debug|Any CPU = Debug|Any CPU
		Release|Any CPU = Release|Any CPU
	EndGlobalSection
	GlobalSection(ProjectConfigurationPlatforms) = postSolution
		{F95852AA-6E06-401B-BA10-D6D5B615864D}.Debug|Any CPU.ActiveCfg = Debug|Any CPU
		{F95852AA-6E06-401B-BA10-D6D5B615864D}.Debug|Any CPU.Build.0 = Debug|Any CPU
		{F95852AA-6E06-401B-BA10-D6D5B615864D}.Debug|Any CPU.Deploy.0 = Debug|Any CPU
		{F95852AA-6E06-401B-BA10-D6D5B615864D}.Release|Any CPU.ActiveCfg = Release|Any CPU
		{F95852AA-6E06-401B-BA10-D6D5B615864D}.Release|Any CPU.Build.0 = Release|Any CPU
		{F95852AA-6E06-401B-BA10-D6D5B615864D}.Release|Any CPU.Deploy.0 = Release|Any CPU
	EndGlobalSection
	GlobalSection(SolutionProperties) = preSolution
		HideSolutionNode = FALSE
	EndGlobalSection
	GlobalSection(ExtensibilityGlobals) = postSolution
		SolutionGuid = {C62757CC-9F6E-4AB1-97F2-ABAC2BC9B5FA}
	EndGlobalSection
EndGlobal
